
Microsoft Visual Studio Solution File, Format Version 10.00
# Visual Studio 2008
Project("{F14B399A-7131-4C87-9E4B-1186C45EF12D}") = "ReportingServiceTutorial", "ReportingServiceTutorial\ReportingServiceTutorial.rptproj", "{183E20A1-7B75-4E0F-9487-CB4962C54B49}"
EndProject
Global
	GlobalSection(SolutionConfigurationPlatforms) = preSolution
		Debug|Default = Debug|Default
		DebugLocal|Default = DebugLocal|Default
		Release|Default = Release|Default
	EndGlobalSection
	GlobalSection(ProjectConfigurationPlatforms) = postSolution
		{183E20A1-7B75-4E0F-9487-CB4962C54B49}.Debug|Default.ActiveCfg = Debug
		{183E20A1-7B75-4E0F-9487-CB4962C54B49}.Debug|Default.Build.0 = DebugLocal
		{183E20A1-7B75-4E0F-9487-CB4962C54B49}.Debug|Default.Deploy.0 = DebugLocal
		{183E20A1-7B75-4E0F-9487-CB4962C54B49}.DebugLocal|Default.ActiveCfg = DebugLocal
		{183E20A1-7B75-4E0F-9487-CB4962C54B49}.DebugLocal|Default.Build.0 = DebugLocal
		{183E20A1-7B75-4E0F-9487-CB4962C54B49}.DebugLocal|Default.Deploy.0 = DebugLocal
		{183E20A1-7B75-4E0F-9487-CB4962C54B49}.Release|Default.ActiveCfg = Release
		{183E20A1-7B75-4E0F-9487-CB4962C54B49}.Release|Default.Build.0 = Release
		{183E20A1-7B75-4E0F-9487-CB4962C54B49}.Release|Default.Deploy.0 = Release
	EndGlobalSection
	GlobalSection(SolutionProperties) = preSolution
		HideSolutionNode = FALSE
	EndGlobalSection
EndGlobal
