
Microsoft Visual Studio Solution File, Format Version 11.00
# Visual Studio 2010
Project("{FAE04EC0-301F-11D3-BF4B-00C04F79EFBC}") = "EmailService", "EmailService\EmailService.csproj", "{CD13F578-94D4-4754-B540-D9750C926DF3}"
EndProject
Project("{FAE04EC0-301F-11D3-BF4B-00C04F79EFBC}") = "ConsoleHost", "ConsoleHost\ConsoleHost.csproj", "{8E5C2BE3-E44A-44E7-B265-E6CF464E0D3A}"
EndProject
Project("{FAE04EC0-301F-11D3-BF4B-00C04F79EFBC}") = "ConsoleClient", "ConsoleClient\ConsoleClient.csproj", "{FC5F511C-B130-4E57-B5D8-585C3BCA109F}"
EndProject
Global
	GlobalSection(SolutionConfigurationPlatforms) = preSolution
		Debug|Any CPU = Debug|Any CPU
		Debug|Mixed Platforms = Debug|Mixed Platforms
		Debug|x86 = Debug|x86
		Release|Any CPU = Release|Any CPU
		Release|Mixed Platforms = Release|Mixed Platforms
		Release|x86 = Release|x86
	EndGlobalSection
	GlobalSection(ProjectConfigurationPlatforms) = postSolution
		{CD13F578-94D4-4754-B540-D9750C926DF3}.Debug|Any CPU.ActiveCfg = Debug|Any CPU
		{CD13F578-94D4-4754-B540-D9750C926DF3}.Debug|Any CPU.Build.0 = Debug|Any CPU
		{CD13F578-94D4-4754-B540-D9750C926DF3}.Debug|Mixed Platforms.ActiveCfg = Debug|Any CPU
		{CD13F578-94D4-4754-B540-D9750C926DF3}.Debug|Mixed Platforms.Build.0 = Debug|Any CPU
		{CD13F578-94D4-4754-B540-D9750C926DF3}.Debug|x86.ActiveCfg = Debug|Any CPU
		{CD13F578-94D4-4754-B540-D9750C926DF3}.Release|Any CPU.ActiveCfg = Release|Any CPU
		{CD13F578-94D4-4754-B540-D9750C926DF3}.Release|Any CPU.Build.0 = Release|Any CPU
		{CD13F578-94D4-4754-B540-D9750C926DF3}.Release|Mixed Platforms.ActiveCfg = Release|Any CPU
		{CD13F578-94D4-4754-B540-D9750C926DF3}.Release|Mixed Platforms.Build.0 = Release|Any CPU
		{CD13F578-94D4-4754-B540-D9750C926DF3}.Release|x86.ActiveCfg = Release|Any CPU
		{8E5C2BE3-E44A-44E7-B265-E6CF464E0D3A}.Debug|Any CPU.ActiveCfg = Debug|x86
		{8E5C2BE3-E44A-44E7-B265-E6CF464E0D3A}.Debug|Mixed Platforms.ActiveCfg = Debug|x86
		{8E5C2BE3-E44A-44E7-B265-E6CF464E0D3A}.Debug|Mixed Platforms.Build.0 = Debug|x86
		{8E5C2BE3-E44A-44E7-B265-E6CF464E0D3A}.Debug|x86.ActiveCfg = Debug|x86
		{8E5C2BE3-E44A-44E7-B265-E6CF464E0D3A}.Debug|x86.Build.0 = Debug|x86
		{8E5C2BE3-E44A-44E7-B265-E6CF464E0D3A}.Release|Any CPU.ActiveCfg = Release|x86
		{8E5C2BE3-E44A-44E7-B265-E6CF464E0D3A}.Release|Mixed Platforms.ActiveCfg = Release|x86
		{8E5C2BE3-E44A-44E7-B265-E6CF464E0D3A}.Release|Mixed Platforms.Build.0 = Release|x86
		{8E5C2BE3-E44A-44E7-B265-E6CF464E0D3A}.Release|x86.ActiveCfg = Release|x86
		{8E5C2BE3-E44A-44E7-B265-E6CF464E0D3A}.Release|x86.Build.0 = Release|x86
		{FC5F511C-B130-4E57-B5D8-585C3BCA109F}.Debug|Any CPU.ActiveCfg = Debug|x86
		{FC5F511C-B130-4E57-B5D8-585C3BCA109F}.Debug|Mixed Platforms.ActiveCfg = Debug|x86
		{FC5F511C-B130-4E57-B5D8-585C3BCA109F}.Debug|Mixed Platforms.Build.0 = Debug|x86
		{FC5F511C-B130-4E57-B5D8-585C3BCA109F}.Debug|x86.ActiveCfg = Debug|x86
		{FC5F511C-B130-4E57-B5D8-585C3BCA109F}.Debug|x86.Build.0 = Debug|x86
		{FC5F511C-B130-4E57-B5D8-585C3BCA109F}.Release|Any CPU.ActiveCfg = Release|x86
		{FC5F511C-B130-4E57-B5D8-585C3BCA109F}.Release|Mixed Platforms.ActiveCfg = Release|x86
		{FC5F511C-B130-4E57-B5D8-585C3BCA109F}.Release|Mixed Platforms.Build.0 = Release|x86
		{FC5F511C-B130-4E57-B5D8-585C3BCA109F}.Release|x86.ActiveCfg = Release|x86
		{FC5F511C-B130-4E57-B5D8-585C3BCA109F}.Release|x86.Build.0 = Release|x86
	EndGlobalSection
	GlobalSection(SolutionProperties) = preSolution
		HideSolutionNode = FALSE
	EndGlobalSection
EndGlobal
